
Microsoft Visual Studio Solution File, Format Version 12.00
# Visual Studio Version 16
VisualStudioVersion = 16.0.30804.86
MinimumVisualStudioVersion = 10.0.40219.1
Project("{FAE04EC0-301F-11D3-BF4B-00C04F79EFBC}") = "nombre_magique", "nombre_magique\nombre_magique.csproj", "{4966A2D4-49DC-4BB5-9F46-DA96CD7727E9}"
EndProject
Global
	GlobalSection(SolutionConfigurationPlatforms) = preSolution
		Debug|Any CPU = Debug|Any CPU
		Release|Any CPU = Release|Any CPU
	EndGlobalSection
	GlobalSection(ProjectConfigurationPlatforms) = postSolution
		{4966A2D4-49DC-4BB5-9F46-DA96CD7727E9}.Debug|Any CPU.ActiveCfg = Debug|Any CPU
		{4966A2D4-49DC-4BB5-9F46-DA96CD7727E9}.Debug|Any CPU.Build.0 = Debug|Any CPU
		{4966A2D4-49DC-4BB5-9F46-DA96CD7727E9}.Release|Any CPU.ActiveCfg = Release|Any CPU
		{4966A2D4-49DC-4BB5-9F46-DA96CD7727E9}.Release|Any CPU.Build.0 = Release|Any CPU
	EndGlobalSection
	GlobalSection(SolutionProperties) = preSolution
		HideSolutionNode = FALSE
	EndGlobalSection
	GlobalSection(ExtensibilityGlobals) = postSolution
		SolutionGuid = {04912A78-D8B3-4E67-B4EF-DC1A6BBADBC2}
	EndGlobalSection
EndGlobal
